
Microsoft Visual Studio Solution File, Format Version 11.00
# Visual Studio 2010
Project("{FAE04EC0-301F-11D3-BF4B-00C04F79EFBC}") = "Voucher Number Generator", "Voucher Number Generator\Voucher Number Generator.csproj", "{79431C56-39D5-4D90-A199-A892BE390D20}"
EndProject
Global
	GlobalSection(SolutionConfigurationPlatforms) = preSolution
		Debug|x86 = Debug|x86
		Release|x86 = Release|x86
	EndGlobalSection
	GlobalSection(ProjectConfigurationPlatforms) = postSolution
		{79431C56-39D5-4D90-A199-A892BE390D20}.Debug|x86.ActiveCfg = Debug|x86
		{79431C56-39D5-4D90-A199-A892BE390D20}.Debug|x86.Build.0 = Debug|x86
		{79431C56-39D5-4D90-A199-A892BE390D20}.Release|x86.ActiveCfg = Release|x86
		{79431C56-39D5-4D90-A199-A892BE390D20}.Release|x86.Build.0 = Release|x86
	EndGlobalSection
	GlobalSection(SolutionProperties) = preSolution
		HideSolutionNode = FALSE
	EndGlobalSection
EndGlobal
